
Microsoft Visual Studio Solution File, Format Version 12.00
# Visual Studio Version 16
VisualStudioVersion = 16.0.29230.47
MinimumVisualStudioVersion = 10.0.40219.1
Project("{FAE04EC0-301F-11D3-BF4B-00C04F79EFBC}") = "Retag", "Retag.csproj", "{9F32385B-290F-4B0E-91E8-299969B92F9A}"
EndProject
Global
	GlobalSection(SolutionConfigurationPlatforms) = preSolution
		Debug|Any CPU = Debug|Any CPU
		Release|Any CPU = Release|Any CPU
	EndGlobalSection
	GlobalSection(ProjectConfigurationPlatforms) = postSolution
		{9F32385B-290F-4B0E-91E8-299969B92F9A}.Debug|Any CPU.ActiveCfg = Debug|Any CPU
		{9F32385B-290F-4B0E-91E8-299969B92F9A}.Debug|Any CPU.Build.0 = Debug|Any CPU
		{9F32385B-290F-4B0E-91E8-299969B92F9A}.Release|Any CPU.ActiveCfg = Release|Any CPU
		{9F32385B-290F-4B0E-91E8-299969B92F9A}.Release|Any CPU.Build.0 = Release|Any CPU
	EndGlobalSection
	GlobalSection(SolutionProperties) = preSolution
		HideSolutionNode = FALSE
	EndGlobalSection
	GlobalSection(ExtensibilityGlobals) = postSolution
		SolutionGuid = {E89B0729-08D9-40EF-AD9F-1D57A02363C7}
	EndGlobalSection
EndGlobal
